
Microsoft Visual Studio Solution File, Format Version 12.00
# Visual Studio Version 16
VisualStudioVersion = 16.0.30804.86
MinimumVisualStudioVersion = 10.0.40219.1
Project("{FAE04EC0-301F-11D3-BF4B-00C04F79EFBC}") = "Kepmegjelenito", "Kepmegjelenito.csproj", "{F15B184B-0BB0-4489-9126-39AB948D02E9}"
EndProject
Global
	GlobalSection(SolutionConfigurationPlatforms) = preSolution
		Debug|Any CPU = Debug|Any CPU
		Release|Any CPU = Release|Any CPU
	EndGlobalSection
	GlobalSection(ProjectConfigurationPlatforms) = postSolution
		{F15B184B-0BB0-4489-9126-39AB948D02E9}.Debug|Any CPU.ActiveCfg = Debug|Any CPU
		{F15B184B-0BB0-4489-9126-39AB948D02E9}.Debug|Any CPU.Build.0 = Debug|Any CPU
		{F15B184B-0BB0-4489-9126-39AB948D02E9}.Release|Any CPU.ActiveCfg = Release|Any CPU
		{F15B184B-0BB0-4489-9126-39AB948D02E9}.Release|Any CPU.Build.0 = Release|Any CPU
	EndGlobalSection
	GlobalSection(SolutionProperties) = preSolution
		HideSolutionNode = FALSE
	EndGlobalSection
	GlobalSection(ExtensibilityGlobals) = postSolution
		SolutionGuid = {3FB49F59-67E3-4F4D-8201-69EC8A8D4C51}
	EndGlobalSection
EndGlobal
